
Microsoft Visual Studio Solution File, Format Version 12.00
# Visual Studio Version 17
VisualStudioVersion = 17.11.35222.181
MinimumVisualStudioVersion = 10.0.40219.1
Project("{FAE04EC0-301F-11D3-BF4B-00C04F79EFBC}") = "api", "api.csproj", "{31ADB3FC-E825-4AC1-834D-B4FFE2D40FC8}"
EndProject
Global
	GlobalSection(SolutionConfigurationPlatforms) = preSolution
		Debug|Any CPU = Debug|Any CPU
		Release|Any CPU = Release|Any CPU
	EndGlobalSection
	GlobalSection(ProjectConfigurationPlatforms) = postSolution
		{31ADB3FC-E825-4AC1-834D-B4FFE2D40FC8}.Debug|Any CPU.ActiveCfg = Debug|Any CPU
		{31ADB3FC-E825-4AC1-834D-B4FFE2D40FC8}.Debug|Any CPU.Build.0 = Debug|Any CPU
		{31ADB3FC-E825-4AC1-834D-B4FFE2D40FC8}.Release|Any CPU.ActiveCfg = Release|Any CPU
		{31ADB3FC-E825-4AC1-834D-B4FFE2D40FC8}.Release|Any CPU.Build.0 = Release|Any CPU
	EndGlobalSection
	GlobalSection(SolutionProperties) = preSolution
		HideSolutionNode = FALSE
	EndGlobalSection
	GlobalSection(ExtensibilityGlobals) = postSolution
		SolutionGuid = {A59F5BAD-F95F-47EB-836B-00F988C5A2F1}
	EndGlobalSection
EndGlobal
